<?xml version="1.0" encoding="utf-8"?>
<Project ToolsVersion="4.0" xmlns="http://schemas.microsoft.com/developer/msbuild/2003">
  <ItemGroup>
    <ClInclude Include="pch.h" />
    <ClInclude Include="World.h">
      <Filter>Engine</Filter>
    </ClInclude>
    <ClInclude Include="Settings.h">
      <Filter>Engine</Filter>
    </ClInclude>
    <ClInclude Include="GameTime.h">
      <Filter>Misc</Filter>
    </ClInclude>
    <ClInclude Include="GameClock.h">
      <Filter>Misc</Filter>
    </ClInclude>
    <ClInclude Include="Body.h">
      <Filter>Engine</Filter>
    </ClInclude>
    <ClInclude Include="Shape.h">
      <Filter>Engine</Filter>
    </ClInclude>
    <ClInclude Include="Particle.h">
      <Filter>Engine</Filter>
    </ClInclude>
    <ClInclude Include="ParticleForceGenerator.h">
      <Filter>Engine</Filter>
    </ClInclude>
    <ClInclude Include="ParticleGravity.h">
      <Filter>Engine\ForceGenerators</Filter>
    </ClInclude>
    <ClInclude Include="ParticleSpring.h">
      <Filter>Engine\ForceGenerators</Filter>
    </ClInclude>
  </ItemGroup>
  <ItemGroup>
    <ClCompile Include="pch.cpp" />
    <ClCompile Include="World.cpp">
      <Filter>Engine</Filter>
    </ClCompile>
    <ClCompile Include="Settings.cpp">
      <Filter>Engine</Filter>
    </ClCompile>
    <ClCompile Include="GameTime.cpp">
      <Filter>Misc</Filter>
    </ClCompile>
    <ClCompile Include="GameClock.cpp">
      <Filter>Misc</Filter>
    </ClCompile>
    <ClCompile Include="Body.cpp">
      <Filter>Engine</Filter>
    </ClCompile>
    <ClCompile Include="Shape.cpp">
      <Filter>Engine</Filter>
    </ClCompile>
    <ClCompile Include="Particle.cpp">
      <Filter>Engine</Filter>
    </ClCompile>
    <ClCompile Include="ParticleForceGenerator.cpp">
      <Filter>Engine</Filter>
    </ClCompile>
    <ClCompile Include="ParticleGravity.cpp">
      <Filter>Engine\ForceGenerators</Filter>
    </ClCompile>
    <ClCompile Include="ParticleSpring.cpp">
      <Filter>Engine\ForceGenerators</Filter>
    </ClCompile>
  </ItemGroup>
  <ItemGroup>
    <Filter Include="Engine">
      <UniqueIdentifier>{7176ee7a-fc39-46af-aafb-fbd3cfb17b0c}</UniqueIdentifier>
    </Filter>
    <Filter Include="Misc">
      <UniqueIdentifier>{e1349ccf-788e-49fa-8404-f718f818a81b}</UniqueIdentifier>
    </Filter>
    <Filter Include="Engine\ForceGenerators">
      <UniqueIdentifier>{63bd603d-3de5-4a45-be9a-d3b4ef7ddc9a}</UniqueIdentifier>
    </Filter>
  </ItemGroup>
  <ItemGroup>
    <None Include="packages.config" />
  </ItemGroup>
</Project>