<?xml version="1.0" encoding="utf-8"?>
<Project ToolsVersion="4.0" xmlns="http://schemas.microsoft.com/developer/msbuild/2003">
  <ItemGroup>
    <ClInclude Include="pch.h" />
    <ClInclude Include="Settings.h">
      <Filter>Engine</Filter>
    </ClInclude>
    <ClInclude Include="GameTime.h">
      <Filter>Misc</Filter>
    </ClInclude>
    <ClInclude Include="GameClock.h">
      <Filter>Misc</Filter>
    </ClInclude>
    <ClInclude Include="ParticleGravity.h">
      <Filter>Engine\ForceGenerators</Filter>
    </ClInclude>
    <ClInclude Include="ParticleSpring.h">
      <Filter>Engine\ForceGenerators</Filter>
    </ClInclude>
    <ClInclude Include="ParticleAnchoredSpring.h">
      <Filter>Engine\ForceGenerators</Filter>
    </ClInclude>
    <ClInclude Include="ParticleBungee.h">
      <Filter>Engine\ForceGenerators</Filter>
    </ClInclude>
    <ClInclude Include="ParticleRod.h">
      <Filter>Engine\ContactGenerators</Filter>
    </ClInclude>
    <ClInclude Include="ParticleLink.h">
      <Filter>Engine\ContactGenerators</Filter>
    </ClInclude>
    <ClInclude Include="ParticleWorld.h">
      <Filter>Engine\Particle</Filter>
    </ClInclude>
    <ClInclude Include="Particle.h">
      <Filter>Engine\Particle</Filter>
    </ClInclude>
    <ClInclude Include="ParticleCable.h">
      <Filter>Engine\Particle</Filter>
    </ClInclude>
    <ClInclude Include="ParticleContact.h">
      <Filter>Engine\Particle</Filter>
    </ClInclude>
    <ClInclude Include="ParticleContactResolver.h">
      <Filter>Engine\Particle</Filter>
    </ClInclude>
    <ClInclude Include="ParticleContactGenerator.h">
      <Filter>Engine\ContactGenerators</Filter>
    </ClInclude>
    <ClInclude Include="ParticleForceGenerator.h">
      <Filter>Engine\ForceGenerators</Filter>
    </ClInclude>
    <ClInclude Include="World.h">
      <Filter>Engine</Filter>
    </ClInclude>
    <ClInclude Include="RigidBody.h">
      <Filter>Engine</Filter>
    </ClInclude>
    <ClInclude Include="Orientation.h">
      <Filter>Engine</Filter>
    </ClInclude>
  </ItemGroup>
  <ItemGroup>
    <ClCompile Include="pch.cpp" />
    <ClCompile Include="Settings.cpp">
      <Filter>Engine</Filter>
    </ClCompile>
    <ClCompile Include="GameTime.cpp">
      <Filter>Misc</Filter>
    </ClCompile>
    <ClCompile Include="GameClock.cpp">
      <Filter>Misc</Filter>
    </ClCompile>
    <ClCompile Include="ParticleGravity.cpp">
      <Filter>Engine\ForceGenerators</Filter>
    </ClCompile>
    <ClCompile Include="ParticleSpring.cpp">
      <Filter>Engine\ForceGenerators</Filter>
    </ClCompile>
    <ClCompile Include="ParticleAnchoredSpring.cpp">
      <Filter>Engine\ForceGenerators</Filter>
    </ClCompile>
    <ClCompile Include="ParticleBungee.cpp">
      <Filter>Engine\ForceGenerators</Filter>
    </ClCompile>
    <ClCompile Include="ParticleLink.cpp">
      <Filter>Engine\ContactGenerators</Filter>
    </ClCompile>
    <ClCompile Include="ParticleRod.cpp">
      <Filter>Engine\ContactGenerators</Filter>
    </ClCompile>
    <ClCompile Include="Particle.cpp">
      <Filter>Engine\Particle</Filter>
    </ClCompile>
    <ClCompile Include="ParticleCable.cpp">
      <Filter>Engine\Particle</Filter>
    </ClCompile>
    <ClCompile Include="ParticleContact.cpp">
      <Filter>Engine\Particle</Filter>
    </ClCompile>
    <ClCompile Include="ParticleContactResolver.cpp">
      <Filter>Engine\Particle</Filter>
    </ClCompile>
    <ClCompile Include="ParticleWorld.cpp">
      <Filter>Engine\Particle</Filter>
    </ClCompile>
    <ClCompile Include="ParticleContactGenerator.cpp">
      <Filter>Engine\ContactGenerators</Filter>
    </ClCompile>
    <ClCompile Include="ParticleForceGenerator.cpp">
      <Filter>Engine\ForceGenerators</Filter>
    </ClCompile>
    <ClCompile Include="World.cpp">
      <Filter>Engine</Filter>
    </ClCompile>
    <ClCompile Include="RigidBody.cpp">
      <Filter>Engine</Filter>
    </ClCompile>
    <ClCompile Include="Orientation.cpp">
      <Filter>Engine</Filter>
    </ClCompile>
  </ItemGroup>
  <ItemGroup>
    <Filter Include="Engine">
      <UniqueIdentifier>{7176ee7a-fc39-46af-aafb-fbd3cfb17b0c}</UniqueIdentifier>
    </Filter>
    <Filter Include="Misc">
      <UniqueIdentifier>{e1349ccf-788e-49fa-8404-f718f818a81b}</UniqueIdentifier>
    </Filter>
    <Filter Include="Engine\ForceGenerators">
      <UniqueIdentifier>{63bd603d-3de5-4a45-be9a-d3b4ef7ddc9a}</UniqueIdentifier>
    </Filter>
    <Filter Include="Engine\ContactGenerators">
      <UniqueIdentifier>{a459bb0d-cd82-471e-8707-475cd30c8179}</UniqueIdentifier>
    </Filter>
    <Filter Include="Engine\Particle">
      <UniqueIdentifier>{d372e581-17ea-4ba3-be55-de694fcee2eb}</UniqueIdentifier>
    </Filter>
  </ItemGroup>
  <ItemGroup>
    <None Include="packages.config" />
  </ItemGroup>
</Project>