<?xml version="1.0" encoding="utf-8"?>
<Project ToolsVersion="4.0" xmlns="http://schemas.microsoft.com/developer/msbuild/2003">
  <ItemGroup>
    <ClCompile Include="Main.cpp" />
    <ClCompile Include="pch.cpp" />
    <ClCompile Include="ParticleDemo.cpp">
      <Filter>Demos\Particle</Filter>
    </ClCompile>
    <ClCompile Include="ParticleAnchoredSpringDemo.cpp">
      <Filter>Demos\Particle</Filter>
    </ClCompile>
    <ClCompile Include="ParticleBungeeDemo.cpp">
      <Filter>Demos\Particle</Filter>
    </ClCompile>
    <ClCompile Include="ParticleContactDemo.cpp">
      <Filter>Demos\Particle</Filter>
    </ClCompile>
    <ClCompile Include="ParticleSpringDemo.cpp">
      <Filter>Demos\Particle</Filter>
    </ClCompile>
    <ClCompile Include="Demo.cpp">
      <Filter>Demos\RigidBody</Filter>
    </ClCompile>
    <ClCompile Include="TorqueDemo.cpp">
      <Filter>Demos\RigidBody</Filter>
    </ClCompile>
    <ClCompile Include="CircleContactDemo.cpp">
      <Filter>Demos\RigidBody</Filter>
    </ClCompile>
  </ItemGroup>
  <ItemGroup>
    <ClInclude Include="pch.h" />
    <ClInclude Include="ParticleDemo.h">
      <Filter>Demos\Particle</Filter>
    </ClInclude>
    <ClInclude Include="ParticleAnchoredSpringDemo.h">
      <Filter>Demos\Particle</Filter>
    </ClInclude>
    <ClInclude Include="ParticleBungeeDemo.h">
      <Filter>Demos\Particle</Filter>
    </ClInclude>
    <ClInclude Include="ParticleContactDemo.h">
      <Filter>Demos\Particle</Filter>
    </ClInclude>
    <ClInclude Include="ParticleSpringDemo.h">
      <Filter>Demos\Particle</Filter>
    </ClInclude>
    <ClInclude Include="Demo.h">
      <Filter>Demos\RigidBody</Filter>
    </ClInclude>
    <ClInclude Include="TorqueDemo.h">
      <Filter>Demos\RigidBody</Filter>
    </ClInclude>
    <ClInclude Include="CircleContactDemo.h">
      <Filter>Demos\RigidBody</Filter>
    </ClInclude>
  </ItemGroup>
  <ItemGroup>
    <None Include="packages.config" />
  </ItemGroup>
  <ItemGroup>
    <Filter Include="Demos">
      <UniqueIdentifier>{4609bbe4-252c-4107-bc29-ea36b8d695cc}</UniqueIdentifier>
    </Filter>
    <Filter Include="Demos\Particle">
      <UniqueIdentifier>{d7162739-dde4-49b8-83ae-e4f6d1099bd5}</UniqueIdentifier>
    </Filter>
    <Filter Include="Demos\RigidBody">
      <UniqueIdentifier>{1816ea55-32cd-4f70-8120-65c81cf41f4a}</UniqueIdentifier>
    </Filter>
  </ItemGroup>
</Project>